
Microsoft Visual Studio Solution File, Format Version 12.00
# Visual Studio Version 16
VisualStudioVersion = 16.0.30804.86
MinimumVisualStudioVersion = 10.0.40219.1
Project("{FAE04EC0-301F-11D3-BF4B-00C04F79EFBC}") = "ConsoleClasses", "ConsoleClasses\ConsoleClasses.csproj", "{660D49B8-F8FA-400E-9441-34CBF45ADECE}"
EndProject
Global
	GlobalSection(SolutionConfigurationPlatforms) = preSolution
		Debug|Any CPU = Debug|Any CPU
		Release|Any CPU = Release|Any CPU
	EndGlobalSection
	GlobalSection(ProjectConfigurationPlatforms) = postSolution
		{660D49B8-F8FA-400E-9441-34CBF45ADECE}.Debug|Any CPU.ActiveCfg = Debug|Any CPU
		{660D49B8-F8FA-400E-9441-34CBF45ADECE}.Debug|Any CPU.Build.0 = Debug|Any CPU
		{660D49B8-F8FA-400E-9441-34CBF45ADECE}.Release|Any CPU.ActiveCfg = Release|Any CPU
		{660D49B8-F8FA-400E-9441-34CBF45ADECE}.Release|Any CPU.Build.0 = Release|Any CPU
	EndGlobalSection
	GlobalSection(SolutionProperties) = preSolution
		HideSolutionNode = FALSE
	EndGlobalSection
	GlobalSection(ExtensibilityGlobals) = postSolution
		SolutionGuid = {F4128D89-E975-4E7A-8591-260B8ACA870E}
	EndGlobalSection
EndGlobal
